
Microsoft Visual Studio Solution File, Format Version 12.00
# Visual Studio Version 16
VisualStudioVersion = 16.0.29509.3
MinimumVisualStudioVersion = 10.0.40219.1
Project("{FAE04EC0-301F-11D3-BF4B-00C04F79EFBC}") = "PhoneApplication", "PhoneApplication\PhoneApplication.csproj", "{AA03DBCF-8023-4433-9B3B-27BF8097BE75}"
EndProject
Global
	GlobalSection(SolutionConfigurationPlatforms) = preSolution
		Debug|Any CPU = Debug|Any CPU
		Release|Any CPU = Release|Any CPU
	EndGlobalSection
	GlobalSection(ProjectConfigurationPlatforms) = postSolution
		{AA03DBCF-8023-4433-9B3B-27BF8097BE75}.Debug|Any CPU.ActiveCfg = Debug|Any CPU
		{AA03DBCF-8023-4433-9B3B-27BF8097BE75}.Debug|Any CPU.Build.0 = Debug|Any CPU
		{AA03DBCF-8023-4433-9B3B-27BF8097BE75}.Release|Any CPU.ActiveCfg = Release|Any CPU
		{AA03DBCF-8023-4433-9B3B-27BF8097BE75}.Release|Any CPU.Build.0 = Release|Any CPU
	EndGlobalSection
	GlobalSection(SolutionProperties) = preSolution
		HideSolutionNode = FALSE
	EndGlobalSection
	GlobalSection(ExtensibilityGlobals) = postSolution
		SolutionGuid = {C18903E7-02EE-4EEF-9299-9BF6AB762628}
	EndGlobalSection
EndGlobal
